// !$*UTF8*$!
{
	archiveVersion = 1;
	classes = {
	};
	objectVersion = 48;
	objects = {

/* Begin PBXBuildFile section */
		2C1A9F0F20EE043E00E21FEA /* AppDelegate.m in Sources */ = {isa = PBXBuildFile; fileRef = 2C1A9F0E20EE043E00E21FEA /* AppDelegate.m */; };
		2C1A9F1220EE043E00E21FEA /* ViewController.m in Sources */ = {isa = PBXBuildFile; fileRef = 2C1A9F1120EE043E00E21FEA /* ViewController.m */; };
		2C1A9F1D20EE043E00E21FEA /* main.m in Sources */ = {isa = PBXBuildFile; fileRef = 2C1A9F1C20EE043E00E21FEA /* main.m */; };
		2C1A9F2720EE043E00E21FEA /* CKYSTemplateTests.m in Sources */ = {isa = PBXBuildFile; fileRef = 2C1A9F2620EE043E00E21FEA /* CKYSTemplateTests.m */; };
		2C1A9F3220EE043E00E21FEA /* CKYSTemplateUITests.m in Sources */ = {isa = PBXBuildFile; fileRef = 2C1A9F3120EE043E00E21FEA /* CKYSTemplateUITests.m */; };
		2C498C8A2140C4B70007DCBF /* CKNotificationPostCenter.m in Sources */ = {isa = PBXBuildFile; fileRef = 2C498C892140C4B70007DCBF /* CKNotificationPostCenter.m */; };
		2C498C8D2140C54C0007DCBF /* CKNotificationObserverCenter.m in Sources */ = {isa = PBXBuildFile; fileRef = 2C498C8C2140C54C0007DCBF /* CKNotificationObserverCenter.m */; };
		2C498C902140C69C0007DCBF /* CKDemoNotificationHelper.m in Sources */ = {isa = PBXBuildFile; fileRef = 2C498C8F2140C69C0007DCBF /* CKDemoNotificationHelper.m */; };
		2C5BBF90213FD0F000A1A6D0 /* CKAppSystemInfo.m in Sources */ = {isa = PBXBuildFile; fileRef = 2C5BBF8E213FD0F000A1A6D0 /* CKAppSystemInfo.m */; };
		2C5BBF9F213FD32E00A1A6D0 /* NSURLSession+ANSyncRequset.m in Sources */ = {isa = PBXBuildFile; fileRef = 2C5BBF9D213FD32E00A1A6D0 /* NSURLSession+ANSyncRequset.m */; };
		2CA4AE03213CB7F400E43798 /* Images.xcassets in Resources */ = {isa = PBXBuildFile; fileRef = 2CA4AE02213CB7F400E43798 /* Images.xcassets */; };
/* End PBXBuildFile section */

/* Begin PBXContainerItemProxy section */
		2C1A9F2320EE043E00E21FEA /* PBXContainerItemProxy */ = {
			isa = PBXContainerItemProxy;
			containerPortal = 2C1A9F0220EE043D00E21FEA /* Project object */;
			proxyType = 1;
			remoteGlobalIDString = 2C1A9F0920EE043E00E21FEA;
			remoteInfo = CKYSTemplate;
		};
		2C1A9F2E20EE043E00E21FEA /* PBXContainerItemProxy */ = {
			isa = PBXContainerItemProxy;
			containerPortal = 2C1A9F0220EE043D00E21FEA /* Project object */;
			proxyType = 1;
			remoteGlobalIDString = 2C1A9F0920EE043E00E21FEA;
			remoteInfo = CKYSTemplate;
		};
/* End PBXContainerItemProxy section */

/* Begin PBXFileReference section */
		2C1A9F0A20EE043E00E21FEA /* CKYSTemplate.app */ = {isa = PBXFileReference; explicitFileType = wrapper.application; includeInIndex = 0; path = CKYSTemplate.app; sourceTree = BUILT_PRODUCTS_DIR; };
		2C1A9F0D20EE043E00E21FEA /* AppDelegate.h */ = {isa = PBXFileReference; lastKnownFileType = sourcecode.c.h; path = AppDelegate.h; sourceTree = "<group>"; };
		2C1A9F0E20EE043E00E21FEA /* AppDelegate.m */ = {isa = PBXFileReference; lastKnownFileType = sourcecode.c.objc; path = AppDelegate.m; sourceTree = "<group>"; };
		2C1A9F1020EE043E00E21FEA /* ViewController.h */ = {isa = PBXFileReference; lastKnownFileType = sourcecode.c.h; path = ViewController.h; sourceTree = "<group>"; };
		2C1A9F1120EE043E00E21FEA /* ViewController.m */ = {isa = PBXFileReference; lastKnownFileType = sourcecode.c.objc; path = ViewController.m; sourceTree = "<group>"; };
		2C1A9F1B20EE043E00E21FEA /* Info.plist */ = {isa = PBXFileReference; lastKnownFileType = text.plist.xml; path = Info.plist; sourceTree = "<group>"; };
		2C1A9F1C20EE043E00E21FEA /* main.m */ = {isa = PBXFileReference; lastKnownFileType = sourcecode.c.objc; path = main.m; sourceTree = "<group>"; };
		2C1A9F2220EE043E00E21FEA /* CKYSTemplateTests.xctest */ = {isa = PBXFileReference; explicitFileType = wrapper.cfbundle; includeInIndex = 0; path = CKYSTemplateTests.xctest; sourceTree = BUILT_PRODUCTS_DIR; };
		2C1A9F2620EE043E00E21FEA /* CKYSTemplateTests.m */ = {isa = PBXFileReference; lastKnownFileType = sourcecode.c.objc; path = CKYSTemplateTests.m; sourceTree = "<group>"; };
		2C1A9F2820EE043E00E21FEA /* Info.plist */ = {isa = PBXFileReference; lastKnownFileType = text.plist.xml; path = Info.plist; sourceTree = "<group>"; };
		2C1A9F2D20EE043E00E21FEA /* CKYSTemplateUITests.xctest */ = {isa = PBXFileReference; explicitFileType = wrapper.cfbundle; includeInIndex = 0; path = CKYSTemplateUITests.xctest; sourceTree = BUILT_PRODUCTS_DIR; };
		2C1A9F3120EE043E00E21FEA /* CKYSTemplateUITests.m */ = {isa = PBXFileReference; lastKnownFileType = sourcecode.c.objc; path = CKYSTemplateUITests.m; sourceTree = "<group>"; };
		2C1A9F3320EE043E00E21FEA /* Info.plist */ = {isa = PBXFileReference; lastKnownFileType = text.plist.xml; path = Info.plist; sourceTree = "<group>"; };
		2C498C882140C4B70007DCBF /* CKNotificationPostCenter.h */ = {isa = PBXFileReference; lastKnownFileType = sourcecode.c.h; path = CKNotificationPostCenter.h; sourceTree = "<group>"; };
		2C498C892140C4B70007DCBF /* CKNotificationPostCenter.m */ = {isa = PBXFileReference; lastKnownFileType = sourcecode.c.objc; path = CKNotificationPostCenter.m; sourceTree = "<group>"; };
		2C498C8B2140C54C0007DCBF /* CKNotificationObserverCenter.h */ = {isa = PBXFileReference; lastKnownFileType = sourcecode.c.h; path = CKNotificationObserverCenter.h; sourceTree = "<group>"; };
		2C498C8C2140C54C0007DCBF /* CKNotificationObserverCenter.m */ = {isa = PBXFileReference; lastKnownFileType = sourcecode.c.objc; path = CKNotificationObserverCenter.m; sourceTree = "<group>"; };
		2C498C8E2140C69C0007DCBF /* CKDemoNotificationHelper.h */ = {isa = PBXFileReference; lastKnownFileType = sourcecode.c.h; path = CKDemoNotificationHelper.h; sourceTree = "<group>"; };
		2C498C8F2140C69C0007DCBF /* CKDemoNotificationHelper.m */ = {isa = PBXFileReference; lastKnownFileType = sourcecode.c.objc; path = CKDemoNotificationHelper.m; sourceTree = "<group>"; };
		2C5BBF8E213FD0F000A1A6D0 /* CKAppSystemInfo.m */ = {isa = PBXFileReference; fileEncoding = 4; lastKnownFileType = sourcecode.c.objc; path = CKAppSystemInfo.m; sourceTree = "<group>"; };
		2C5BBF8F213FD0F000A1A6D0 /* CKAppSystemInfo.h */ = {isa = PBXFileReference; fileEncoding = 4; lastKnownFileType = sourcecode.c.h; path = CKAppSystemInfo.h; sourceTree = "<group>"; };
		2C5BBF95213FD11500A1A6D0 /* CKYSScreenConst.h */ = {isa = PBXFileReference; fileEncoding = 4; lastKnownFileType = sourcecode.c.h; path = CKYSScreenConst.h; sourceTree = "<group>"; };
		2C5BBF96213FD11500A1A6D0 /* CKYSRequestServiceResultToastConst.h */ = {isa = PBXFileReference; fileEncoding = 4; lastKnownFileType = sourcecode.c.h; path = CKYSRequestServiceResultToastConst.h; sourceTree = "<group>"; };
		2C5BBF9D213FD32E00A1A6D0 /* NSURLSession+ANSyncRequset.m */ = {isa = PBXFileReference; fileEncoding = 4; lastKnownFileType = sourcecode.c.objc; path = "NSURLSession+ANSyncRequset.m"; sourceTree = "<group>"; };
		2C5BBF9E213FD32E00A1A6D0 /* NSURLSession+ANSyncRequset.h */ = {isa = PBXFileReference; fileEncoding = 4; lastKnownFileType = sourcecode.c.h; path = "NSURLSession+ANSyncRequset.h"; sourceTree = "<group>"; };
		2CA4AE02213CB7F400E43798 /* Images.xcassets */ = {isa = PBXFileReference; lastKnownFileType = folder.assetcatalog; path = Images.xcassets; sourceTree = "<group>"; };
/* End PBXFileReference section */

/* Begin PBXFrameworksBuildPhase section */
		2C1A9F0720EE043E00E21FEA /* Frameworks */ = {
			isa = PBXFrameworksBuildPhase;
			buildActionMask = 2147483647;
			files = (
			);
			runOnlyForDeploymentPostprocessing = 0;
		};
		2C1A9F1F20EE043E00E21FEA /* Frameworks */ = {
			isa = PBXFrameworksBuildPhase;
			buildActionMask = 2147483647;
			files = (
			);
			runOnlyForDeploymentPostprocessing = 0;
		};
		2C1A9F2A20EE043E00E21FEA /* Frameworks */ = {
			isa = PBXFrameworksBuildPhase;
			buildActionMask = 2147483647;
			files = (
			);
			runOnlyForDeploymentPostprocessing = 0;
		};
/* End PBXFrameworksBuildPhase section */

/* Begin PBXGroup section */
		2C1A9F0120EE043D00E21FEA = {
			isa = PBXGroup;
			children = (
				2C1A9F0C20EE043E00E21FEA /* CKYSTemplate */,
				2C1A9F2520EE043E00E21FEA /* CKYSTemplateTests */,
				2C1A9F3020EE043E00E21FEA /* CKYSTemplateUITests */,
				2C1A9F0B20EE043E00E21FEA /* Products */,
			);
			sourceTree = "<group>";
		};
		2C1A9F0B20EE043E00E21FEA /* Products */ = {
			isa = PBXGroup;
			children = (
				2C1A9F0A20EE043E00E21FEA /* CKYSTemplate.app */,
				2C1A9F2220EE043E00E21FEA /* CKYSTemplateTests.xctest */,
				2C1A9F2D20EE043E00E21FEA /* CKYSTemplateUITests.xctest */,
			);
			name = Products;
			sourceTree = "<group>";
		};
		2C1A9F0C20EE043E00E21FEA /* CKYSTemplate */ = {
			isa = PBXGroup;
			children = (
				2C5BBF85213FCC8700A1A6D0 /* AppDelegate */,
				2C5BBF86213FCC9A00A1A6D0 /* Classes */,
				2C1A9F1020EE043E00E21FEA /* ViewController.h */,
				2C1A9F1120EE043E00E21FEA /* ViewController.m */,
				2C1A9F1B20EE043E00E21FEA /* Info.plist */,
				2C1A9F1C20EE043E00E21FEA /* main.m */,
				2CA4AE02213CB7F400E43798 /* Images.xcassets */,
			);
			path = CKYSTemplate;
			sourceTree = "<group>";
		};
		2C1A9F2520EE043E00E21FEA /* CKYSTemplateTests */ = {
			isa = PBXGroup;
			children = (
				2C1A9F2620EE043E00E21FEA /* CKYSTemplateTests.m */,
				2C1A9F2820EE043E00E21FEA /* Info.plist */,
			);
			path = CKYSTemplateTests;
			sourceTree = "<group>";
		};
		2C1A9F3020EE043E00E21FEA /* CKYSTemplateUITests */ = {
			isa = PBXGroup;
			children = (
				2C1A9F3120EE043E00E21FEA /* CKYSTemplateUITests.m */,
				2C1A9F3320EE043E00E21FEA /* Info.plist */,
			);
			path = CKYSTemplateUITests;
			sourceTree = "<group>";
		};
		2C5BBF85213FCC8700A1A6D0 /* AppDelegate */ = {
			isa = PBXGroup;
			children = (
				2C1A9F0D20EE043E00E21FEA /* AppDelegate.h */,
				2C1A9F0E20EE043E00E21FEA /* AppDelegate.m */,
			);
			path = AppDelegate;
			sourceTree = "<group>";
		};
		2C5BBF86213FCC9A00A1A6D0 /* Classes */ = {
			isa = PBXGroup;
			children = (
				2C5BBF87213FCCB700A1A6D0 /* app */,
				2C5BBF88213FCCC000A1A6D0 /* framework */,
				2C5BBF8D213FCE7700A1A6D0 /* Modules */,
				2C5BBF89213FCCE600A1A6D0 /* ThirdLib */,
			);
			path = Classes;
			sourceTree = "<group>";
		};
		2C5BBF87213FCCB700A1A6D0 /* app */ = {
			isa = PBXGroup;
			children = (
				2C5BBF8F213FD0F000A1A6D0 /* CKAppSystemInfo.h */,
				2C5BBF8E213FD0F000A1A6D0 /* CKAppSystemInfo.m */,
			);
			path = app;
			sourceTree = "<group>";
		};
		2C5BBF88213FCCC000A1A6D0 /* framework */ = {
			isa = PBXGroup;
			children = (
				2C5BBF91213FD11500A1A6D0 /* const */,
				2C5BBF8A213FCD7C00A1A6D0 /* utility */,
			);
			path = framework;
			sourceTree = "<group>";
		};
		2C5BBF89213FCCE600A1A6D0 /* ThirdLib */ = {
			isa = PBXGroup;
			children = (
			);
			path = ThirdLib;
			sourceTree = "<group>";
		};
		2C5BBF8A213FCD7C00A1A6D0 /* utility */ = {
			isa = PBXGroup;
			children = (
				2C5BBFA0213FD35000A1A6D0 /* file */,
				2C5BBF9C213FD29300A1A6D0 /* NSUserDefault */,
				2C5BBF9B213FD28E00A1A6D0 /* NSDate */,
				2C5BBF9A213FD24C00A1A6D0 /* network */,
				2C5BBF99213FD23B00A1A6D0 /* notification */,
				2C5BBF8C213FCD9600A1A6D0 /* threading */,
				2C5BBF8B213FCD8E00A1A6D0 /* connectivity */,
			);
			path = utility;
			sourceTree = "<group>";
		};
		2C5BBF8B213FCD8E00A1A6D0 /* connectivity */ = {
			isa = PBXGroup;
			children = (
			);
			path = connectivity;
			sourceTree = "<group>";
		};
		2C5BBF8C213FCD9600A1A6D0 /* threading */ = {
			isa = PBXGroup;
			children = (
			);
			path = threading;
			sourceTree = "<group>";
		};
		2C5BBF8D213FCE7700A1A6D0 /* Modules */ = {
			isa = PBXGroup;
			children = (
			);
			path = Modules;
			sourceTree = "<group>";
		};
		2C5BBF91213FD11500A1A6D0 /* const */ = {
			isa = PBXGroup;
			children = (
				2C5BBF95213FD11500A1A6D0 /* CKYSScreenConst.h */,
				2C5BBF96213FD11500A1A6D0 /* CKYSRequestServiceResultToastConst.h */,
			);
			path = const;
			sourceTree = "<group>";
		};
		2C5BBF99213FD23B00A1A6D0 /* notification */ = {
			isa = PBXGroup;
			children = (
				2C498C882140C4B70007DCBF /* CKNotificationPostCenter.h */,
				2C498C892140C4B70007DCBF /* CKNotificationPostCenter.m */,
				2C498C8B2140C54C0007DCBF /* CKNotificationObserverCenter.h */,
				2C498C8C2140C54C0007DCBF /* CKNotificationObserverCenter.m */,
				2C498C8E2140C69C0007DCBF /* CKDemoNotificationHelper.h */,
				2C498C8F2140C69C0007DCBF /* CKDemoNotificationHelper.m */,
			);
			path = notification;
			sourceTree = "<group>";
		};
		2C5BBF9A213FD24C00A1A6D0 /* network */ = {
			isa = PBXGroup;
			children = (
				2C5BBF9E213FD32E00A1A6D0 /* NSURLSession+ANSyncRequset.h */,
				2C5BBF9D213FD32E00A1A6D0 /* NSURLSession+ANSyncRequset.m */,
			);
			path = network;
			sourceTree = "<group>";
		};
		2C5BBF9B213FD28E00A1A6D0 /* NSDate */ = {
			isa = PBXGroup;
			children = (
			);
			path = NSDate;
			sourceTree = "<group>";
		};
		2C5BBF9C213FD29300A1A6D0 /* NSUserDefault */ = {
			isa = PBXGroup;
			children = (
			);
			path = NSUserDefault;
			sourceTree = "<group>";
		};
		2C5BBFA0213FD35000A1A6D0 /* file */ = {
			isa = PBXGroup;
			children = (
			);
			path = file;
			sourceTree = "<group>";
		};
/* End PBXGroup section */

/* Begin PBXNativeTarget section */
		2C1A9F0920EE043E00E21FEA /* CKYSTemplate */ = {
			isa = PBXNativeTarget;
			buildConfigurationList = 2C1A9F3620EE043E00E21FEA /* Build configuration list for PBXNativeTarget "CKYSTemplate" */;
			buildPhases = (
				2C1A9F0620EE043E00E21FEA /* Sources */,
				2C1A9F0720EE043E00E21FEA /* Frameworks */,
				2C1A9F0820EE043E00E21FEA /* Resources */,
			);
			buildRules = (
			);
			dependencies = (
			);
			name = CKYSTemplate;
			productName = CKYSTemplate;
			productReference = 2C1A9F0A20EE043E00E21FEA /* CKYSTemplate.app */;
			productType = "com.apple.product-type.application";
		};
		2C1A9F2120EE043E00E21FEA /* CKYSTemplateTests */ = {
			isa = PBXNativeTarget;
			buildConfigurationList = 2C1A9F3920EE043E00E21FEA /* Build configuration list for PBXNativeTarget "CKYSTemplateTests" */;
			buildPhases = (
				2C1A9F1E20EE043E00E21FEA /* Sources */,
				2C1A9F1F20EE043E00E21FEA /* Frameworks */,
				2C1A9F2020EE043E00E21FEA /* Resources */,
			);
			buildRules = (
			);
			dependencies = (
				2C1A9F2420EE043E00E21FEA /* PBXTargetDependency */,
			);
			name = CKYSTemplateTests;
			productName = CKYSTemplateTests;
			productReference = 2C1A9F2220EE043E00E21FEA /* CKYSTemplateTests.xctest */;
			productType = "com.apple.product-type.bundle.unit-test";
		};
		2C1A9F2C20EE043E00E21FEA /* CKYSTemplateUITests */ = {
			isa = PBXNativeTarget;
			buildConfigurationList = 2C1A9F3C20EE043E00E21FEA /* Build configuration list for PBXNativeTarget "CKYSTemplateUITests" */;
			buildPhases = (
				2C1A9F2920EE043E00E21FEA /* Sources */,
				2C1A9F2A20EE043E00E21FEA /* Frameworks */,
				2C1A9F2B20EE043E00E21FEA /* Resources */,
			);
			buildRules = (
			);
			dependencies = (
				2C1A9F2F20EE043E00E21FEA /* PBXTargetDependency */,
			);
			name = CKYSTemplateUITests;
			productName = CKYSTemplateUITests;
			productReference = 2C1A9F2D20EE043E00E21FEA /* CKYSTemplateUITests.xctest */;
			productType = "com.apple.product-type.bundle.ui-testing";
		};
/* End PBXNativeTarget section */

/* Begin PBXProject section */
		2C1A9F0220EE043D00E21FEA /* Project object */ = {
			isa = PBXProject;
			attributes = {
				LastUpgradeCheck = 0920;
				ORGANIZATIONNAME = YY;
				TargetAttributes = {
					2C1A9F0920EE043E00E21FEA = {
						CreatedOnToolsVersion = 9.2;
						ProvisioningStyle = Automatic;
					};
					2C1A9F2120EE043E00E21FEA = {
						CreatedOnToolsVersion = 9.2;
						ProvisioningStyle = Automatic;
						TestTargetID = 2C1A9F0920EE043E00E21FEA;
					};
					2C1A9F2C20EE043E00E21FEA = {
						CreatedOnToolsVersion = 9.2;
						ProvisioningStyle = Automatic;
						TestTargetID = 2C1A9F0920EE043E00E21FEA;
					};
				};
			};
			buildConfigurationList = 2C1A9F0520EE043D00E21FEA /* Build configuration list for PBXProject "CKYSTemplate" */;
			compatibilityVersion = "Xcode 8.0";
			developmentRegion = en;
			hasScannedForEncodings = 0;
			knownRegions = (
				en,
				Base,
			);
			mainGroup = 2C1A9F0120EE043D00E21FEA;
			productRefGroup = 2C1A9F0B20EE043E00E21FEA /* Products */;
			projectDirPath = "";
			projectRoot = "";
			targets = (
				2C1A9F0920EE043E00E21FEA /* CKYSTemplate */,
				2C1A9F2120EE043E00E21FEA /* CKYSTemplateTests */,
				2C1A9F2C20EE043E00E21FEA /* CKYSTemplateUITests */,
			);
		};
/* End PBXProject section */

/* Begin PBXResourcesBuildPhase section */
		2C1A9F0820EE043E00E21FEA /* Resources */ = {
			isa = PBXResourcesBuildPhase;
			buildActionMask = 2147483647;
			files = (
				2CA4AE03213CB7F400E43798 /* Images.xcassets in Resources */,
			);
			runOnlyForDeploymentPostprocessing = 0;
		};
		2C1A9F2020EE043E00E21FEA /* Resources */ = {
			isa = PBXResourcesBuildPhase;
			buildActionMask = 2147483647;
			files = (
			);
			runOnlyForDeploymentPostprocessing = 0;
		};
		2C1A9F2B20EE043E00E21FEA /* Resources */ = {
			isa = PBXResourcesBuildPhase;
			buildActionMask = 2147483647;
			files = (
			);
			runOnlyForDeploymentPostprocessing = 0;
		};
/* End PBXResourcesBuildPhase section */

/* Begin PBXSourcesBuildPhase section */
		2C1A9F0620EE043E00E21FEA /* Sources */ = {
			isa = PBXSourcesBuildPhase;
			buildActionMask = 2147483647;
			files = (
				2C5BBF90213FD0F000A1A6D0 /* CKAppSystemInfo.m in Sources */,
				2C498C902140C69C0007DCBF /* CKDemoNotificationHelper.m in Sources */,
				2C5BBF9F213FD32E00A1A6D0 /* NSURLSession+ANSyncRequset.m in Sources */,
				2C1A9F1220EE043E00E21FEA /* ViewController.m in Sources */,
				2C498C8A2140C4B70007DCBF /* CKNotificationPostCenter.m in Sources */,
				2C1A9F1D20EE043E00E21FEA /* main.m in Sources */,
				2C1A9F0F20EE043E00E21FEA /* AppDelegate.m in Sources */,
				2C498C8D2140C54C0007DCBF /* CKNotificationObserverCenter.m in Sources */,
			);
			runOnlyForDeploymentPostprocessing = 0;
		};
		2C1A9F1E20EE043E00E21FEA /* Sources */ = {
			isa = PBXSourcesBuildPhase;
			buildActionMask = 2147483647;
			files = (
				2C1A9F2720EE043E00E21FEA /* CKYSTemplateTests.m in Sources */,
			);
			runOnlyForDeploymentPostprocessing = 0;
		};
		2C1A9F2920EE043E00E21FEA /* Sources */ = {
			isa = PBXSourcesBuildPhase;
			buildActionMask = 2147483647;
			files = (
				2C1A9F3220EE043E00E21FEA /* CKYSTemplateUITests.m in Sources */,
			);
			runOnlyForDeploymentPostprocessing = 0;
		};
/* End PBXSourcesBuildPhase section */

/* Begin PBXTargetDependency section */
		2C1A9F2420EE043E00E21FEA /* PBXTargetDependency */ = {
			isa = PBXTargetDependency;
			target = 2C1A9F0920EE043E00E21FEA /* CKYSTemplate */;
			targetProxy = 2C1A9F2320EE043E00E21FEA /* PBXContainerItemProxy */;
		};
		2C1A9F2F20EE043E00E21FEA /* PBXTargetDependency */ = {
			isa = PBXTargetDependency;
			target = 2C1A9F0920EE043E00E21FEA /* CKYSTemplate */;
			targetProxy = 2C1A9F2E20EE043E00E21FEA /* PBXContainerItemProxy */;
		};
/* End PBXTargetDependency section */

/* Begin XCBuildConfiguration section */
		2C1A9F3420EE043E00E21FEA /* Debug */ = {
			isa = XCBuildConfiguration;
			buildSettings = {
				ALWAYS_SEARCH_USER_PATHS = NO;
				CLANG_ANALYZER_NONNULL = YES;
				CLANG_ANALYZER_NUMBER_OBJECT_CONVERSION = YES_AGGRESSIVE;
				CLANG_CXX_LANGUAGE_STANDARD = "gnu++14";
				CLANG_CXX_LIBRARY = "libc++";
				CLANG_ENABLE_MODULES = YES;
				CLANG_ENABLE_OBJC_ARC = YES;
				CLANG_WARN_BLOCK_CAPTURE_AUTORELEASING = YES;
				CLANG_WARN_BOOL_CONVERSION = YES;
				CLANG_WARN_COMMA = YES;
				CLANG_WARN_CONSTANT_CONVERSION = YES;
				CLANG_WARN_DIRECT_OBJC_ISA_USAGE = YES_ERROR;
				CLANG_WARN_DOCUMENTATION_COMMENTS = YES;
				CLANG_WARN_EMPTY_BODY = YES;
				CLANG_WARN_ENUM_CONVERSION = YES;
				CLANG_WARN_INFINITE_RECURSION = YES;
				CLANG_WARN_INT_CONVERSION = YES;
				CLANG_WARN_NON_LITERAL_NULL_CONVERSION = YES;
				CLANG_WARN_OBJC_LITERAL_CONVERSION = YES;
				CLANG_WARN_OBJC_ROOT_CLASS = YES_ERROR;
				CLANG_WARN_RANGE_LOOP_ANALYSIS = YES;
				CLANG_WARN_STRICT_PROTOTYPES = YES;
				CLANG_WARN_SUSPICIOUS_MOVE = YES;
				CLANG_WARN_UNGUARDED_AVAILABILITY = YES_AGGRESSIVE;
				CLANG_WARN_UNREACHABLE_CODE = YES;
				CLANG_WARN__DUPLICATE_METHOD_MATCH = YES;
				CODE_SIGN_IDENTITY = "iPhone Developer";
				COPY_PHASE_STRIP = NO;
				DEBUG_INFORMATION_FORMAT = dwarf;
				ENABLE_STRICT_OBJC_MSGSEND = YES;
				ENABLE_TESTABILITY = YES;
				GCC_C_LANGUAGE_STANDARD = gnu11;
				GCC_DYNAMIC_NO_PIC = NO;
				GCC_NO_COMMON_BLOCKS = YES;
				GCC_OPTIMIZATION_LEVEL = 0;
				GCC_PREPROCESSOR_DEFINITIONS = (
					"DEBUG=1",
					"$(inherited)",
				);
				GCC_WARN_64_TO_32_BIT_CONVERSION = YES;
				GCC_WARN_ABOUT_RETURN_TYPE = YES_ERROR;
				GCC_WARN_UNDECLARED_SELECTOR = YES;
				GCC_WARN_UNINITIALIZED_AUTOS = YES_AGGRESSIVE;
				GCC_WARN_UNUSED_FUNCTION = YES;
				GCC_WARN_UNUSED_VARIABLE = YES;
				IPHONEOS_DEPLOYMENT_TARGET = 11.2;
				MTL_ENABLE_DEBUG_INFO = YES;
				ONLY_ACTIVE_ARCH = YES;
				SDKROOT = iphoneos;
			};
			name = Debug;
		};
		2C1A9F3520EE043E00E21FEA /* Release */ = {
			isa = XCBuildConfiguration;
			buildSettings = {
				ALWAYS_SEARCH_USER_PATHS = NO;
				CLANG_ANALYZER_NONNULL = YES;
				CLANG_ANALYZER_NUMBER_OBJECT_CONVERSION = YES_AGGRESSIVE;
				CLANG_CXX_LANGUAGE_STANDARD = "gnu++14";
				CLANG_CXX_LIBRARY = "libc++";
				CLANG_ENABLE_MODULES = YES;
				CLANG_ENABLE_OBJC_ARC = YES;
				CLANG_WARN_BLOCK_CAPTURE_AUTORELEASING = YES;
				CLANG_WARN_BOOL_CONVERSION = YES;
				CLANG_WARN_COMMA = YES;
				CLANG_WARN_CONSTANT_CONVERSION = YES;
				CLANG_WARN_DIRECT_OBJC_ISA_USAGE = YES_ERROR;
				CLANG_WARN_DOCUMENTATION_COMMENTS = YES;
				CLANG_WARN_EMPTY_BODY = YES;
				CLANG_WARN_ENUM_CONVERSION = YES;
				CLANG_WARN_INFINITE_RECURSION = YES;
				CLANG_WARN_INT_CONVERSION = YES;
				CLANG_WARN_NON_LITERAL_NULL_CONVERSION = YES;
				CLANG_WARN_OBJC_LITERAL_CONVERSION = YES;
				CLANG_WARN_OBJC_ROOT_CLASS = YES_ERROR;
				CLANG_WARN_RANGE_LOOP_ANALYSIS = YES;
				CLANG_WARN_STRICT_PROTOTYPES = YES;
				CLANG_WARN_SUSPICIOUS_MOVE = YES;
				CLANG_WARN_UNGUARDED_AVAILABILITY = YES_AGGRESSIVE;
				CLANG_WARN_UNREACHABLE_CODE = YES;
				CLANG_WARN__DUPLICATE_METHOD_MATCH = YES;
				CODE_SIGN_IDENTITY = "iPhone Developer";
				COPY_PHASE_STRIP = NO;
				DEBUG_INFORMATION_FORMAT = "dwarf-with-dsym";
				ENABLE_NS_ASSERTIONS = NO;
				ENABLE_STRICT_OBJC_MSGSEND = YES;
				GCC_C_LANGUAGE_STANDARD = gnu11;
				GCC_NO_COMMON_BLOCKS = YES;
				GCC_WARN_64_TO_32_BIT_CONVERSION = YES;
				GCC_WARN_ABOUT_RETURN_TYPE = YES_ERROR;
				GCC_WARN_UNDECLARED_SELECTOR = YES;
				GCC_WARN_UNINITIALIZED_AUTOS = YES_AGGRESSIVE;
				GCC_WARN_UNUSED_FUNCTION = YES;
				GCC_WARN_UNUSED_VARIABLE = YES;
				IPHONEOS_DEPLOYMENT_TARGET = 11.2;
				MTL_ENABLE_DEBUG_INFO = NO;
				SDKROOT = iphoneos;
				VALIDATE_PRODUCT = YES;
			};
			name = Release;
		};
		2C1A9F3720EE043E00E21FEA /* Debug */ = {
			isa = XCBuildConfiguration;
			buildSettings = {
				ASSETCATALOG_COMPILER_APPICON_NAME = AppIcon;
				ASSETCATALOG_COMPILER_LAUNCHIMAGE_NAME = LaunchImage;
				CODE_SIGN_STYLE = Automatic;
				DEVELOPMENT_TEAM = CT53GSRHXS;
				INFOPLIST_FILE = CKYSTemplate/Info.plist;
				IPHONEOS_DEPLOYMENT_TARGET = 10.0;
				LD_RUNPATH_SEARCH_PATHS = "$(inherited) @executable_path/Frameworks";
				PRODUCT_BUNDLE_IDENTIFIER = com.ckc.CKYSPlatform;
				PRODUCT_NAME = "$(TARGET_NAME)";
				TARGETED_DEVICE_FAMILY = 1;
			};
			name = Debug;
		};
		2C1A9F3820EE043E00E21FEA /* Release */ = {
			isa = XCBuildConfiguration;
			buildSettings = {
				ASSETCATALOG_COMPILER_APPICON_NAME = AppIcon;
				ASSETCATALOG_COMPILER_LAUNCHIMAGE_NAME = LaunchImage;
				CODE_SIGN_STYLE = Automatic;
				DEVELOPMENT_TEAM = CT53GSRHXS;
				INFOPLIST_FILE = CKYSTemplate/Info.plist;
				IPHONEOS_DEPLOYMENT_TARGET = 10.0;
				LD_RUNPATH_SEARCH_PATHS = "$(inherited) @executable_path/Frameworks";
				PRODUCT_BUNDLE_IDENTIFIER = com.ckc.CKYSPlatform;
				PRODUCT_NAME = "$(TARGET_NAME)";
				TARGETED_DEVICE_FAMILY = 1;
			};
			name = Release;
		};
		2C1A9F3A20EE043E00E21FEA /* Debug */ = {
			isa = XCBuildConfiguration;
			buildSettings = {
				BUNDLE_LOADER = "$(TEST_HOST)";
				CODE_SIGN_STYLE = Automatic;
				INFOPLIST_FILE = CKYSTemplateTests/Info.plist;
				LD_RUNPATH_SEARCH_PATHS = "$(inherited) @executable_path/Frameworks @loader_path/Frameworks";
				PRODUCT_BUNDLE_IDENTIFIER = com.ckys..CKYSTemplateTests;
				PRODUCT_NAME = "$(TARGET_NAME)";
				TARGETED_DEVICE_FAMILY = "1,2";
				TEST_HOST = "$(BUILT_PRODUCTS_DIR)/CKYSTemplate.app/CKYSTemplate";
			};
			name = Debug;
		};
		2C1A9F3B20EE043E00E21FEA /* Release */ = {
			isa = XCBuildConfiguration;
			buildSettings = {
				BUNDLE_LOADER = "$(TEST_HOST)";
				CODE_SIGN_STYLE = Automatic;
				INFOPLIST_FILE = CKYSTemplateTests/Info.plist;
				LD_RUNPATH_SEARCH_PATHS = "$(inherited) @executable_path/Frameworks @loader_path/Frameworks";
				PRODUCT_BUNDLE_IDENTIFIER = com.ckys..CKYSTemplateTests;
				PRODUCT_NAME = "$(TARGET_NAME)";
				TARGETED_DEVICE_FAMILY = "1,2";
				TEST_HOST = "$(BUILT_PRODUCTS_DIR)/CKYSTemplate.app/CKYSTemplate";
			};
			name = Release;
		};
		2C1A9F3D20EE043E00E21FEA /* Debug */ = {
			isa = XCBuildConfiguration;
			buildSettings = {
				CODE_SIGN_STYLE = Automatic;
				INFOPLIST_FILE = CKYSTemplateUITests/Info.plist;
				LD_RUNPATH_SEARCH_PATHS = "$(inherited) @executable_path/Frameworks @loader_path/Frameworks";
				PRODUCT_BUNDLE_IDENTIFIER = com.ckys..CKYSTemplateUITests;
				PRODUCT_NAME = "$(TARGET_NAME)";
				TARGETED_DEVICE_FAMILY = "1,2";
				TEST_TARGET_NAME = CKYSTemplate;
			};
			name = Debug;
		};
		2C1A9F3E20EE043E00E21FEA /* Release */ = {
			isa = XCBuildConfiguration;
			buildSettings = {
				CODE_SIGN_STYLE = Automatic;
				INFOPLIST_FILE = CKYSTemplateUITests/Info.plist;
				LD_RUNPATH_SEARCH_PATHS = "$(inherited) @executable_path/Frameworks @loader_path/Frameworks";
				PRODUCT_BUNDLE_IDENTIFIER = com.ckys..CKYSTemplateUITests;
				PRODUCT_NAME = "$(TARGET_NAME)";
				TARGETED_DEVICE_FAMILY = "1,2";
				TEST_TARGET_NAME = CKYSTemplate;
			};
			name = Release;
		};
/* End XCBuildConfiguration section */

/* Begin XCConfigurationList section */
		2C1A9F0520EE043D00E21FEA /* Build configuration list for PBXProject "CKYSTemplate" */ = {
			isa = XCConfigurationList;
			buildConfigurations = (
				2C1A9F3420EE043E00E21FEA /* Debug */,
				2C1A9F3520EE043E00E21FEA /* Release */,
			);
			defaultConfigurationIsVisible = 0;
			defaultConfigurationName = Release;
		};
		2C1A9F3620EE043E00E21FEA /* Build configuration list for PBXNativeTarget "CKYSTemplate" */ = {
			isa = XCConfigurationList;
			buildConfigurations = (
				2C1A9F3720EE043E00E21FEA /* Debug */,
				2C1A9F3820EE043E00E21FEA /* Release */,
			);
			defaultConfigurationIsVisible = 0;
			defaultConfigurationName = Release;
		};
		2C1A9F3920EE043E00E21FEA /* Build configuration list for PBXNativeTarget "CKYSTemplateTests" */ = {
			isa = XCConfigurationList;
			buildConfigurations = (
				2C1A9F3A20EE043E00E21FEA /* Debug */,
				2C1A9F3B20EE043E00E21FEA /* Release */,
			);
			defaultConfigurationIsVisible = 0;
			defaultConfigurationName = Release;
		};
		2C1A9F3C20EE043E00E21FEA /* Build configuration list for PBXNativeTarget "CKYSTemplateUITests" */ = {
			isa = XCConfigurationList;
			buildConfigurations = (
				2C1A9F3D20EE043E00E21FEA /* Debug */,
				2C1A9F3E20EE043E00E21FEA /* Release */,
			);
			defaultConfigurationIsVisible = 0;
			defaultConfigurationName = Release;
		};
/* End XCConfigurationList section */
	};
	rootObject = 2C1A9F0220EE043D00E21FEA /* Project object */;
}
